// !$*UTF8*$!
{
	archiveVersion = 1;
	classes = {
	};
	objectVersion = 46;
	objects = {

/* Begin PBXBuildFile section */
		4B3FFF6D1E98BFDA00EBCBF9 /* publisherData.hpp in Headers */ = {isa = PBXBuildFile; fileRef = 4B3FFF6C1E98BFDA00EBCBF9 /* publisherData.hpp */; };
		4B9A9E501E22FC53006621CC /* allMessages.hpp in Headers */ = {isa = PBXBuildFile; fileRef = 4B9A9E4B1E22FC53006621CC /* allMessages.hpp */; };
		4B9A9E511E22FC53006621CC /* logMessage.hpp in Headers */ = {isa = PBXBuildFile; fileRef = 4B9A9E4C1E22FC53006621CC /* logMessage.hpp */; };
		4B9A9E521E22FC53006621CC /* messageVisitor.hpp in Headers */ = {isa = PBXBuildFile; fileRef = 4B9A9E4D1E22FC53006621CC /* messageVisitor.hpp */; };
		4BA7F5E71E3E9897009BBFF3 /* brokerIdentity.hpp in Headers */ = {isa = PBXBuildFile; fileRef = 4BA7F5E61E3E9897009BBFF3 /* brokerIdentity.hpp */; };
		4BAD5F3D1E3FD8E000BEB27E /* publisherIdentity.hpp in Headers */ = {isa = PBXBuildFile; fileRef = 4BAD5F3C1E3FD8E000BEB27E /* publisherIdentity.hpp */; };
		4BDFDBDB1E94368000B9CEC2 /* StartPublish.hpp in Headers */ = {isa = PBXBuildFile; fileRef = 4BDFDBDA1E94368000B9CEC2 /* StartPublish.hpp */; };
		4BF2AC8E1E3E7A77004366E5 /* broker.cpp in Sources */ = {isa = PBXBuildFile; fileRef = 4BF2AC881E3E7A77004366E5 /* broker.cpp */; };
		4BF2AC8F1E3E7A77004366E5 /* broker.hpp in Headers */ = {isa = PBXBuildFile; fileRef = 4BF2AC891E3E7A77004366E5 /* broker.hpp */; };
		4BF2AC901E3E7A77004366E5 /* publisher.cpp in Sources */ = {isa = PBXBuildFile; fileRef = 4BF2AC8A1E3E7A77004366E5 /* publisher.cpp */; };
		4BF2AC911E3E7A77004366E5 /* publisher.hpp in Headers */ = {isa = PBXBuildFile; fileRef = 4BF2AC8B1E3E7A77004366E5 /* publisher.hpp */; };
		4BF2AC921E3E7A77004366E5 /* subscriber.cpp in Sources */ = {isa = PBXBuildFile; fileRef = 4BF2AC8C1E3E7A77004366E5 /* subscriber.cpp */; };
		4BF2AC931E3E7A77004366E5 /* subscriber.hpp in Headers */ = {isa = PBXBuildFile; fileRef = 4BF2AC8D1E3E7A77004366E5 /* subscriber.hpp */; };
		4BF4ADE41E3F6D0F0010889F /* subscription.hpp in Headers */ = {isa = PBXBuildFile; fileRef = 4BF4ADE31E3F6D0F0010889F /* subscription.hpp */; };
/* End PBXBuildFile section */

/* Begin PBXFileReference section */
		4B3FFF6C1E98BFDA00EBCBF9 /* publisherData.hpp */ = {isa = PBXFileReference; fileEncoding = 4; lastKnownFileType = sourcecode.cpp.h; name = publisherData.hpp; path = LogicalLayer/publisherData.hpp; sourceTree = "<group>"; };
		4B5C445C1E22BF8E000C41C9 /* libLogicalLayer.a */ = {isa = PBXFileReference; explicitFileType = archive.ar; includeInIndex = 0; path = libLogicalLayer.a; sourceTree = BUILT_PRODUCTS_DIR; };
		4B5C446E1E22C2F6000C41C9 /* libnodeLib.a */ = {isa = PBXFileReference; lastKnownFileType = archive.ar; name = libnodeLib.a; path = "../../../Library/Developer/Xcode/DerivedData/nodes-alfiwcqexteccwguxbekptvstvjf/Build/Products/Debug/libnodeLib.a"; sourceTree = "<group>"; };
		4B9A9E4B1E22FC53006621CC /* allMessages.hpp */ = {isa = PBXFileReference; fileEncoding = 4; lastKnownFileType = sourcecode.cpp.h; name = allMessages.hpp; path = LogicalLayer/allMessages.hpp; sourceTree = "<group>"; };
		4B9A9E4C1E22FC53006621CC /* logMessage.hpp */ = {isa = PBXFileReference; fileEncoding = 4; lastKnownFileType = sourcecode.cpp.h; name = logMessage.hpp; path = LogicalLayer/logMessage.hpp; sourceTree = "<group>"; };
		4B9A9E4D1E22FC53006621CC /* messageVisitor.hpp */ = {isa = PBXFileReference; fileEncoding = 4; lastKnownFileType = sourcecode.cpp.h; name = messageVisitor.hpp; path = LogicalLayer/messageVisitor.hpp; sourceTree = "<group>"; };
		4BA7F5E61E3E9897009BBFF3 /* brokerIdentity.hpp */ = {isa = PBXFileReference; fileEncoding = 4; lastKnownFileType = sourcecode.cpp.h; name = brokerIdentity.hpp; path = LogicalLayer/brokerIdentity.hpp; sourceTree = "<group>"; };
		4BAD5F3C1E3FD8E000BEB27E /* publisherIdentity.hpp */ = {isa = PBXFileReference; fileEncoding = 4; lastKnownFileType = sourcecode.cpp.h; name = publisherIdentity.hpp; path = LogicalLayer/publisherIdentity.hpp; sourceTree = "<group>"; };
		4BDFDBDA1E94368000B9CEC2 /* StartPublish.hpp */ = {isa = PBXFileReference; fileEncoding = 4; lastKnownFileType = sourcecode.cpp.h; name = StartPublish.hpp; path = LogicalLayer/StartPublish.hpp; sourceTree = "<group>"; };
		4BF2AC881E3E7A77004366E5 /* broker.cpp */ = {isa = PBXFileReference; fileEncoding = 4; lastKnownFileType = sourcecode.cpp.cpp; name = broker.cpp; path = LogicalLayer/broker.cpp; sourceTree = "<group>"; };
		4BF2AC891E3E7A77004366E5 /* broker.hpp */ = {isa = PBXFileReference; fileEncoding = 4; lastKnownFileType = sourcecode.cpp.h; name = broker.hpp; path = LogicalLayer/broker.hpp; sourceTree = "<group>"; };
		4BF2AC8A1E3E7A77004366E5 /* publisher.cpp */ = {isa = PBXFileReference; fileEncoding = 4; lastKnownFileType = sourcecode.cpp.cpp; name = publisher.cpp; path = LogicalLayer/publisher.cpp; sourceTree = "<group>"; };
		4BF2AC8B1E3E7A77004366E5 /* publisher.hpp */ = {isa = PBXFileReference; fileEncoding = 4; lastKnownFileType = sourcecode.cpp.h; name = publisher.hpp; path = LogicalLayer/publisher.hpp; sourceTree = "<group>"; };
		4BF2AC8C1E3E7A77004366E5 /* subscriber.cpp */ = {isa = PBXFileReference; fileEncoding = 4; lastKnownFileType = sourcecode.cpp.cpp; name = subscriber.cpp; path = LogicalLayer/subscriber.cpp; sourceTree = "<group>"; };
		4BF2AC8D1E3E7A77004366E5 /* subscriber.hpp */ = {isa = PBXFileReference; fileEncoding = 4; lastKnownFileType = sourcecode.cpp.h; name = subscriber.hpp; path = LogicalLayer/subscriber.hpp; sourceTree = "<group>"; };
		4BF4ADE31E3F6D0F0010889F /* subscription.hpp */ = {isa = PBXFileReference; fileEncoding = 4; lastKnownFileType = sourcecode.cpp.h; name = subscription.hpp; path = LogicalLayer/subscription.hpp; sourceTree = "<group>"; };
/* End PBXFileReference section */

/* Begin PBXFrameworksBuildPhase section */
		4B5C44591E22BF8E000C41C9 /* Frameworks */ = {
			isa = PBXFrameworksBuildPhase;
			buildActionMask = 2147483647;
			files = (
			);
			runOnlyForDeploymentPostprocessing = 0;
		};
/* End PBXFrameworksBuildPhase section */

/* Begin PBXGroup section */
		4B5C44531E22BF8E000C41C9 = {
			isa = PBXGroup;
			children = (
				4B9A9E4A1E22FC3D006621CC /* LogicalLayer */,
				4B5C445D1E22BF8E000C41C9 /* Products */,
				4B5C446D1E22C2F6000C41C9 /* Frameworks */,
			);
			sourceTree = "<group>";
		};
		4B5C445D1E22BF8E000C41C9 /* Products */ = {
			isa = PBXGroup;
			children = (
				4B5C445C1E22BF8E000C41C9 /* libLogicalLayer.a */,
			);
			name = Products;
			sourceTree = "<group>";
		};
		4B5C446D1E22C2F6000C41C9 /* Frameworks */ = {
			isa = PBXGroup;
			children = (
				4B5C446E1E22C2F6000C41C9 /* libnodeLib.a */,
			);
			name = Frameworks;
			sourceTree = "<group>";
		};
		4B9A9E4A1E22FC3D006621CC /* LogicalLayer */ = {
			isa = PBXGroup;
			children = (
				4B3FFF6C1E98BFDA00EBCBF9 /* publisherData.hpp */,
				4BDFDBDA1E94368000B9CEC2 /* StartPublish.hpp */,
				4BAD5F3C1E3FD8E000BEB27E /* publisherIdentity.hpp */,
				4BF4ADE31E3F6D0F0010889F /* subscription.hpp */,
				4BA7F5E61E3E9897009BBFF3 /* brokerIdentity.hpp */,
				4BF2AC881E3E7A77004366E5 /* broker.cpp */,
				4BF2AC891E3E7A77004366E5 /* broker.hpp */,
				4BF2AC8A1E3E7A77004366E5 /* publisher.cpp */,
				4BF2AC8B1E3E7A77004366E5 /* publisher.hpp */,
				4BF2AC8C1E3E7A77004366E5 /* subscriber.cpp */,
				4BF2AC8D1E3E7A77004366E5 /* subscriber.hpp */,
				4B9A9E4B1E22FC53006621CC /* allMessages.hpp */,
				4B9A9E4C1E22FC53006621CC /* logMessage.hpp */,
				4B9A9E4D1E22FC53006621CC /* messageVisitor.hpp */,
			);
			name = LogicalLayer;
			sourceTree = "<group>";
		};
/* End PBXGroup section */

/* Begin PBXHeadersBuildPhase section */
		4B5C445A1E22BF8E000C41C9 /* Headers */ = {
			isa = PBXHeadersBuildPhase;
			buildActionMask = 2147483647;
			files = (
				4BF2AC911E3E7A77004366E5 /* publisher.hpp in Headers */,
				4BF2AC931E3E7A77004366E5 /* subscriber.hpp in Headers */,
				4BF2AC8F1E3E7A77004366E5 /* broker.hpp in Headers */,
				4BF4ADE41E3F6D0F0010889F /* subscription.hpp in Headers */,
				4B9A9E501E22FC53006621CC /* allMessages.hpp in Headers */,
				4B9A9E521E22FC53006621CC /* messageVisitor.hpp in Headers */,
				4B9A9E511E22FC53006621CC /* logMessage.hpp in Headers */,
				4BA7F5E71E3E9897009BBFF3 /* brokerIdentity.hpp in Headers */,
				4BAD5F3D1E3FD8E000BEB27E /* publisherIdentity.hpp in Headers */,
				4BDFDBDB1E94368000B9CEC2 /* StartPublish.hpp in Headers */,
				4B3FFF6D1E98BFDA00EBCBF9 /* publisherData.hpp in Headers */,
			);
			runOnlyForDeploymentPostprocessing = 0;
		};
/* End PBXHeadersBuildPhase section */

/* Begin PBXNativeTarget section */
		4B5C445B1E22BF8E000C41C9 /* LogicalLayer */ = {
			isa = PBXNativeTarget;
			buildConfigurationList = 4B5C44601E22BF8E000C41C9 /* Build configuration list for PBXNativeTarget "LogicalLayer" */;
			buildPhases = (
				4B5C44581E22BF8E000C41C9 /* Sources */,
				4B5C44591E22BF8E000C41C9 /* Frameworks */,
				4B5C445A1E22BF8E000C41C9 /* Headers */,
			);
			buildRules = (
			);
			dependencies = (
			);
			name = LogicalLayer;
			productName = LogicalLayer;
			productReference = 4B5C445C1E22BF8E000C41C9 /* libLogicalLayer.a */;
			productType = "com.apple.product-type.library.static";
		};
/* End PBXNativeTarget section */

/* Begin PBXProject section */
		4B5C44541E22BF8E000C41C9 /* Project object */ = {
			isa = PBXProject;
			attributes = {
				LastUpgradeCheck = 0820;
				ORGANIZATIONNAME = "Ilie Danila";
				TargetAttributes = {
					4B5C445B1E22BF8E000C41C9 = {
						CreatedOnToolsVersion = 8.2.1;
						ProvisioningStyle = Automatic;
					};
				};
			};
			buildConfigurationList = 4B5C44571E22BF8E000C41C9 /* Build configuration list for PBXProject "LogicalLayer" */;
			compatibilityVersion = "Xcode 3.2";
			developmentRegion = English;
			hasScannedForEncodings = 0;
			knownRegions = (
				en,
			);
			mainGroup = 4B5C44531E22BF8E000C41C9;
			productRefGroup = 4B5C445D1E22BF8E000C41C9 /* Products */;
			projectDirPath = "";
			projectRoot = "";
			targets = (
				4B5C445B1E22BF8E000C41C9 /* LogicalLayer */,
			);
		};
/* End PBXProject section */

/* Begin PBXSourcesBuildPhase section */
		4B5C44581E22BF8E000C41C9 /* Sources */ = {
			isa = PBXSourcesBuildPhase;
			buildActionMask = 2147483647;
			files = (
				4BF2AC8E1E3E7A77004366E5 /* broker.cpp in Sources */,
				4BF2AC901E3E7A77004366E5 /* publisher.cpp in Sources */,
				4BF2AC921E3E7A77004366E5 /* subscriber.cpp in Sources */,
			);
			runOnlyForDeploymentPostprocessing = 0;
		};
/* End PBXSourcesBuildPhase section */

/* Begin XCBuildConfiguration section */
		4B5C445E1E22BF8E000C41C9 /* Debug */ = {
			isa = XCBuildConfiguration;
			buildSettings = {
				ALWAYS_SEARCH_USER_PATHS = NO;
				CLANG_ANALYZER_NONNULL = YES;
				CLANG_CXX_LANGUAGE_STANDARD = "gnu++0x";
				CLANG_CXX_LIBRARY = "libc++";
				CLANG_ENABLE_MODULES = YES;
				CLANG_ENABLE_OBJC_ARC = YES;
				CLANG_WARN_BOOL_CONVERSION = YES;
				CLANG_WARN_CONSTANT_CONVERSION = YES;
				CLANG_WARN_DIRECT_OBJC_ISA_USAGE = YES_ERROR;
				CLANG_WARN_DOCUMENTATION_COMMENTS = YES;
				CLANG_WARN_EMPTY_BODY = YES;
				CLANG_WARN_ENUM_CONVERSION = YES;
				CLANG_WARN_INFINITE_RECURSION = YES;
				CLANG_WARN_INT_CONVERSION = YES;
				CLANG_WARN_OBJC_ROOT_CLASS = YES_ERROR;
				CLANG_WARN_SUSPICIOUS_MOVE = YES;
				CLANG_WARN_UNREACHABLE_CODE = YES;
				CLANG_WARN__DUPLICATE_METHOD_MATCH = YES;
				CODE_SIGN_IDENTITY = "-";
				COPY_PHASE_STRIP = NO;
				DEBUG_INFORMATION_FORMAT = dwarf;
				ENABLE_STRICT_OBJC_MSGSEND = YES;
				ENABLE_TESTABILITY = YES;
				GCC_C_LANGUAGE_STANDARD = gnu99;
				GCC_DYNAMIC_NO_PIC = NO;
				GCC_NO_COMMON_BLOCKS = YES;
				GCC_OPTIMIZATION_LEVEL = 0;
				GCC_PREPROCESSOR_DEFINITIONS = (
					"DEBUG=1",
					"$(inherited)",
				);
				GCC_WARN_64_TO_32_BIT_CONVERSION = YES;
				GCC_WARN_ABOUT_RETURN_TYPE = YES_ERROR;
				GCC_WARN_UNDECLARED_SELECTOR = YES;
				GCC_WARN_UNINITIALIZED_AUTOS = YES_AGGRESSIVE;
				GCC_WARN_UNUSED_FUNCTION = YES;
				GCC_WARN_UNUSED_VARIABLE = YES;
				MACOSX_DEPLOYMENT_TARGET = 10.12;
				MTL_ENABLE_DEBUG_INFO = YES;
				ONLY_ACTIVE_ARCH = YES;
				SDKROOT = macosx;
			};
			name = Debug;
		};
		4B5C445F1E22BF8E000C41C9 /* Release */ = {
			isa = XCBuildConfiguration;
			buildSettings = {
				ALWAYS_SEARCH_USER_PATHS = NO;
				CLANG_ANALYZER_NONNULL = YES;
				CLANG_CXX_LANGUAGE_STANDARD = "gnu++0x";
				CLANG_CXX_LIBRARY = "libc++";
				CLANG_ENABLE_MODULES = YES;
				CLANG_ENABLE_OBJC_ARC = YES;
				CLANG_WARN_BOOL_CONVERSION = YES;
				CLANG_WARN_CONSTANT_CONVERSION = YES;
				CLANG_WARN_DIRECT_OBJC_ISA_USAGE = YES_ERROR;
				CLANG_WARN_DOCUMENTATION_COMMENTS = YES;
				CLANG_WARN_EMPTY_BODY = YES;
				CLANG_WARN_ENUM_CONVERSION = YES;
				CLANG_WARN_INFINITE_RECURSION = YES;
				CLANG_WARN_INT_CONVERSION = YES;
				CLANG_WARN_OBJC_ROOT_CLASS = YES_ERROR;
				CLANG_WARN_SUSPICIOUS_MOVE = YES;
				CLANG_WARN_UNREACHABLE_CODE = YES;
				CLANG_WARN__DUPLICATE_METHOD_MATCH = YES;
				CODE_SIGN_IDENTITY = "-";
				COPY_PHASE_STRIP = NO;
				DEBUG_INFORMATION_FORMAT = "dwarf-with-dsym";
				ENABLE_NS_ASSERTIONS = NO;
				ENABLE_STRICT_OBJC_MSGSEND = YES;
				GCC_C_LANGUAGE_STANDARD = gnu99;
				GCC_NO_COMMON_BLOCKS = YES;
				GCC_WARN_64_TO_32_BIT_CONVERSION = YES;
				GCC_WARN_ABOUT_RETURN_TYPE = YES_ERROR;
				GCC_WARN_UNDECLARED_SELECTOR = YES;
				GCC_WARN_UNINITIALIZED_AUTOS = YES_AGGRESSIVE;
				GCC_WARN_UNUSED_FUNCTION = YES;
				GCC_WARN_UNUSED_VARIABLE = YES;
				MACOSX_DEPLOYMENT_TARGET = 10.12;
				MTL_ENABLE_DEBUG_INFO = NO;
				SDKROOT = macosx;
			};
			name = Release;
		};
		4B5C44611E22BF8E000C41C9 /* Debug */ = {
			isa = XCBuildConfiguration;
			buildSettings = {
				CLANG_CXX_LANGUAGE_STANDARD = "gnu++14";
				EXECUTABLE_PREFIX = lib;
				"HEADER_SEARCH_PATHS[arch=*]" = /usr/local/include;
				PRODUCT_NAME = "$(TARGET_NAME)";
			};
			name = Debug;
		};
		4B5C44621E22BF8E000C41C9 /* Release */ = {
			isa = XCBuildConfiguration;
			buildSettings = {
				CLANG_CXX_LANGUAGE_STANDARD = "gnu++14";
				EXECUTABLE_PREFIX = lib;
				"HEADER_SEARCH_PATHS[arch=*]" = /usr/local/include;
				PRODUCT_NAME = "$(TARGET_NAME)";
			};
			name = Release;
		};
/* End XCBuildConfiguration section */

/* Begin XCConfigurationList section */
		4B5C44571E22BF8E000C41C9 /* Build configuration list for PBXProject "LogicalLayer" */ = {
			isa = XCConfigurationList;
			buildConfigurations = (
				4B5C445E1E22BF8E000C41C9 /* Debug */,
				4B5C445F1E22BF8E000C41C9 /* Release */,
			);
			defaultConfigurationIsVisible = 0;
			defaultConfigurationName = Release;
		};
		4B5C44601E22BF8E000C41C9 /* Build configuration list for PBXNativeTarget "LogicalLayer" */ = {
			isa = XCConfigurationList;
			buildConfigurations = (
				4B5C44611E22BF8E000C41C9 /* Debug */,
				4B5C44621E22BF8E000C41C9 /* Release */,
			);
			defaultConfigurationIsVisible = 0;
			defaultConfigurationName = Release;
		};
/* End XCConfigurationList section */
	};
	rootObject = 4B5C44541E22BF8E000C41C9 /* Project object */;
}
